
Microsoft Visual Studio Solution File, Format Version 12.00
# Visual Studio Version 17
VisualStudioVersion = 17.9.34714.143
MinimumVisualStudioVersion = 10.0.40219.1
Project("{FAE04EC0-301F-11D3-BF4B-00C04F79EFBC}") = "BookBarn.API", "BookBarn.API\BookBarn.API.csproj", "{AE405FDD-E153-49ED-8068-1633926A2927}"
EndProject
Project("{2150E333-8FDC-42A3-9474-1A3956D46DE8}") = "Domain Layer", "Domain Layer", "{A4F5BB34-C6D7-4E39-9CD0-87074839472F}"
EndProject
Project("{2150E333-8FDC-42A3-9474-1A3956D46DE8}") = "Data Layer", "Data Layer", "{59891D1C-6A28-4164-9E09-3A465613D351}"
EndProject
Project("{2150E333-8FDC-42A3-9474-1A3956D46DE8}") = "API Layer", "API Layer", "{34C2107C-2F9E-49DE-919D-057638544341}"
EndProject
Project("{FAE04EC0-301F-11D3-BF4B-00C04F79EFBC}") = "BookBarn.Domain", "BookBarn.Domain\BookBarn.Domain.csproj", "{FACDE463-2F4E-4E7C-AA9C-7BC134CD8B40}"
EndProject
Project("{FAE04EC0-301F-11D3-BF4B-00C04F79EFBC}") = "BookBarn.Data", "BookBarn.Data\BookBarn.Data.csproj", "{54B19926-0662-4392-9A68-4A3D05B9607B}"
EndProject
Project("{FAE04EC0-301F-11D3-BF4B-00C04F79EFBC}") = "BookBarn.Data.Trial", "BookBarn.Data.Trial\BookBarn.Data.Trial.csproj", "{2DE9C3D1-95F2-4D64-B9F8-659087560C54}"
EndProject
Global
	GlobalSection(SolutionConfigurationPlatforms) = preSolution
		Debug|Any CPU = Debug|Any CPU
		Release|Any CPU = Release|Any CPU
	EndGlobalSection
	GlobalSection(ProjectConfigurationPlatforms) = postSolution
		{AE405FDD-E153-49ED-8068-1633926A2927}.Debug|Any CPU.ActiveCfg = Debug|Any CPU
		{AE405FDD-E153-49ED-8068-1633926A2927}.Debug|Any CPU.Build.0 = Debug|Any CPU
		{AE405FDD-E153-49ED-8068-1633926A2927}.Release|Any CPU.ActiveCfg = Release|Any CPU
		{AE405FDD-E153-49ED-8068-1633926A2927}.Release|Any CPU.Build.0 = Release|Any CPU
		{FACDE463-2F4E-4E7C-AA9C-7BC134CD8B40}.Debug|Any CPU.ActiveCfg = Debug|Any CPU
		{FACDE463-2F4E-4E7C-AA9C-7BC134CD8B40}.Debug|Any CPU.Build.0 = Debug|Any CPU
		{FACDE463-2F4E-4E7C-AA9C-7BC134CD8B40}.Release|Any CPU.ActiveCfg = Release|Any CPU
		{FACDE463-2F4E-4E7C-AA9C-7BC134CD8B40}.Release|Any CPU.Build.0 = Release|Any CPU
		{54B19926-0662-4392-9A68-4A3D05B9607B}.Debug|Any CPU.ActiveCfg = Debug|Any CPU
		{54B19926-0662-4392-9A68-4A3D05B9607B}.Debug|Any CPU.Build.0 = Debug|Any CPU
		{54B19926-0662-4392-9A68-4A3D05B9607B}.Release|Any CPU.ActiveCfg = Release|Any CPU
		{54B19926-0662-4392-9A68-4A3D05B9607B}.Release|Any CPU.Build.0 = Release|Any CPU
		{2DE9C3D1-95F2-4D64-B9F8-659087560C54}.Debug|Any CPU.ActiveCfg = Debug|Any CPU
		{2DE9C3D1-95F2-4D64-B9F8-659087560C54}.Debug|Any CPU.Build.0 = Debug|Any CPU
		{2DE9C3D1-95F2-4D64-B9F8-659087560C54}.Release|Any CPU.ActiveCfg = Release|Any CPU
		{2DE9C3D1-95F2-4D64-B9F8-659087560C54}.Release|Any CPU.Build.0 = Release|Any CPU
	EndGlobalSection
	GlobalSection(SolutionProperties) = preSolution
		HideSolutionNode = FALSE
	EndGlobalSection
	GlobalSection(NestedProjects) = preSolution
		{AE405FDD-E153-49ED-8068-1633926A2927} = {34C2107C-2F9E-49DE-919D-057638544341}
		{FACDE463-2F4E-4E7C-AA9C-7BC134CD8B40} = {A4F5BB34-C6D7-4E39-9CD0-87074839472F}
		{54B19926-0662-4392-9A68-4A3D05B9607B} = {59891D1C-6A28-4164-9E09-3A465613D351}
		{2DE9C3D1-95F2-4D64-B9F8-659087560C54} = {59891D1C-6A28-4164-9E09-3A465613D351}
	EndGlobalSection
	GlobalSection(ExtensibilityGlobals) = postSolution
		SolutionGuid = {169175A9-CA2A-47CB-B7F4-E6B71DC32FE9}
	EndGlobalSection
EndGlobal
